
Microsoft Visual Studio Solution File, Format Version 12.00
# Visual Studio 15
VisualStudioVersion = 15.0.28010.2046
MinimumVisualStudioVersion = 10.0.40219.1
Project("{FAE04EC0-301F-11D3-BF4B-00C04F79EFBC}") = "TranspoFinal2", "TranspoFinal2\TranspoFinal2.csproj", "{30D119C8-7F3B-42E4-8D0C-563911F2C852}"
EndProject
Global
	GlobalSection(SolutionConfigurationPlatforms) = preSolution
		Debug|Any CPU = Debug|Any CPU
		Release|Any CPU = Release|Any CPU
	EndGlobalSection
	GlobalSection(ProjectConfigurationPlatforms) = postSolution
		{30D119C8-7F3B-42E4-8D0C-563911F2C852}.Debug|Any CPU.ActiveCfg = Debug|Any CPU
		{30D119C8-7F3B-42E4-8D0C-563911F2C852}.Debug|Any CPU.Build.0 = Debug|Any CPU
		{30D119C8-7F3B-42E4-8D0C-563911F2C852}.Release|Any CPU.ActiveCfg = Release|Any CPU
		{30D119C8-7F3B-42E4-8D0C-563911F2C852}.Release|Any CPU.Build.0 = Release|Any CPU
	EndGlobalSection
	GlobalSection(SolutionProperties) = preSolution
		HideSolutionNode = FALSE
	EndGlobalSection
	GlobalSection(ExtensibilityGlobals) = postSolution
		SolutionGuid = {1E6FA09C-C77D-4A0B-9ECB-2DDF5310CDF7}
	EndGlobalSection
EndGlobal
